
Microsoft Visual Studio Solution File, Format Version 12.00
# Visual Studio Version 17
VisualStudioVersion = 17.2.32519.379
MinimumVisualStudioVersion = 10.0.40219.1
Project("{FAE04EC0-301F-11D3-BF4B-00C04F79EFBC}") = "skillbox_HomeWork_3_task1", "skillbox_HomeWork_3\skillbox_HomeWork_3_task1.csproj", "{3F79FCA8-BDEB-45F5-8447-5B8F6DE04187}"
EndProject
Project("{FAE04EC0-301F-11D3-BF4B-00C04F79EFBC}") = "skillbox_HomeWork3_task2", "skillbox_HomeWork3_task2\skillbox_HomeWork3_task2.csproj", "{3BDEE0BA-F7A6-47B2-B45E-1D076184A407}"
EndProject
Global
	GlobalSection(SolutionConfigurationPlatforms) = preSolution
		Debug|Any CPU = Debug|Any CPU
		Release|Any CPU = Release|Any CPU
	EndGlobalSection
	GlobalSection(ProjectConfigurationPlatforms) = postSolution
		{3F79FCA8-BDEB-45F5-8447-5B8F6DE04187}.Debug|Any CPU.ActiveCfg = Debug|Any CPU
		{3F79FCA8-BDEB-45F5-8447-5B8F6DE04187}.Debug|Any CPU.Build.0 = Debug|Any CPU
		{3F79FCA8-BDEB-45F5-8447-5B8F6DE04187}.Release|Any CPU.ActiveCfg = Release|Any CPU
		{3F79FCA8-BDEB-45F5-8447-5B8F6DE04187}.Release|Any CPU.Build.0 = Release|Any CPU
		{3BDEE0BA-F7A6-47B2-B45E-1D076184A407}.Debug|Any CPU.ActiveCfg = Debug|Any CPU
		{3BDEE0BA-F7A6-47B2-B45E-1D076184A407}.Debug|Any CPU.Build.0 = Debug|Any CPU
		{3BDEE0BA-F7A6-47B2-B45E-1D076184A407}.Release|Any CPU.ActiveCfg = Release|Any CPU
		{3BDEE0BA-F7A6-47B2-B45E-1D076184A407}.Release|Any CPU.Build.0 = Release|Any CPU
	EndGlobalSection
	GlobalSection(SolutionProperties) = preSolution
		HideSolutionNode = FALSE
	EndGlobalSection
	GlobalSection(ExtensibilityGlobals) = postSolution
		SolutionGuid = {862C3228-D5CD-47C7-8C45-12AA87D7C641}
	EndGlobalSection
EndGlobal
